
Microsoft Visual Studio Solution File, Format Version 12.00
# Visual Studio Version 17
VisualStudioVersion = 17.10.35013.160
MinimumVisualStudioVersion = 10.0.40219.1
Project("{FAE04EC0-301F-11D3-BF4B-00C04F79EFBC}") = "JokeUI", "JokeUI.csproj", "{DC2B64AA-29A1-40A7-9213-0BFAE98BDEB4}"
EndProject
Global
	GlobalSection(SolutionConfigurationPlatforms) = preSolution
		Debug|Any CPU = Debug|Any CPU
		Release|Any CPU = Release|Any CPU
	EndGlobalSection
	GlobalSection(ProjectConfigurationPlatforms) = postSolution
		{DC2B64AA-29A1-40A7-9213-0BFAE98BDEB4}.Debug|Any CPU.ActiveCfg = Debug|Any CPU
		{DC2B64AA-29A1-40A7-9213-0BFAE98BDEB4}.Debug|Any CPU.Build.0 = Debug|Any CPU
		{DC2B64AA-29A1-40A7-9213-0BFAE98BDEB4}.Release|Any CPU.ActiveCfg = Release|Any CPU
		{DC2B64AA-29A1-40A7-9213-0BFAE98BDEB4}.Release|Any CPU.Build.0 = Release|Any CPU
	EndGlobalSection
	GlobalSection(SolutionProperties) = preSolution
		HideSolutionNode = FALSE
	EndGlobalSection
	GlobalSection(ExtensibilityGlobals) = postSolution
		SolutionGuid = {1070E90F-F398-4FAB-BFC4-EA81078B8EB1}
	EndGlobalSection
EndGlobal
