
Microsoft Visual Studio Solution File, Format Version 12.00
# Visual Studio Version 17
VisualStudioVersion = 17.10.35013.160
MinimumVisualStudioVersion = 10.0.40219.1
Project("{FAE04EC0-301F-11D3-BF4B-00C04F79EFBC}") = "JokeAPI", "JokeAPI.csproj", "{A966F083-A7F2-4194-82FA-315280AF46AF}"
EndProject
Global
	GlobalSection(SolutionConfigurationPlatforms) = preSolution
		Debug|Any CPU = Debug|Any CPU
		Release|Any CPU = Release|Any CPU
	EndGlobalSection
	GlobalSection(ProjectConfigurationPlatforms) = postSolution
		{A966F083-A7F2-4194-82FA-315280AF46AF}.Debug|Any CPU.ActiveCfg = Debug|Any CPU
		{A966F083-A7F2-4194-82FA-315280AF46AF}.Debug|Any CPU.Build.0 = Debug|Any CPU
		{A966F083-A7F2-4194-82FA-315280AF46AF}.Release|Any CPU.ActiveCfg = Release|Any CPU
		{A966F083-A7F2-4194-82FA-315280AF46AF}.Release|Any CPU.Build.0 = Release|Any CPU
	EndGlobalSection
	GlobalSection(SolutionProperties) = preSolution
		HideSolutionNode = FALSE
	EndGlobalSection
	GlobalSection(ExtensibilityGlobals) = postSolution
		SolutionGuid = {44C4979E-1230-4C9D-B4F2-6A3286E1E2D4}
	EndGlobalSection
EndGlobal
